{
  "nodes": {
    "nixpkgs": {
      "locked": {
        "lastModified": 1687685345,
        "narHash": "sha256-Pzz5oZqjEearDzk+rV92ytJ1cBY9KsYCumneSZj1FJg=",
        "owner": "NixOS",
        "repo": "nixpkgs",
        "rev": "3e1f4a3adaa0a966a702196764b35a5c1c6fe0aa",
        "type": "github"
      },
      "original": {
        "owner": "NixOS",
        "ref": "release-23.05",
        "repo": "nixpkgs",
        "type": "github"
      }
    },
    "root": {
      "inputs": {
        "nixpkgs": "nixpkgs"
      }
    }
  },
  "root": "root",
  "version": 7
}
